<Solution>
  <Folder Name="/src/" />
  <Folder Name="/src/Host/">
    <Project Path="src/Host/UMS.Host.csproj" />
  </Folder>
  <Folder Name="/src/Shared/">
    <Project Path="src/Shared/UMS.Shared.ErrorHandling/UMS.Shared.ErrorHandling.csproj" />
    <Project Path="src/Shared/UMS.Shared.Observability/UMS.Shared.Observability.csproj" />
    <Project Path="src/Shared/UMS.Shared.Resilience/UMS.Shared.Resilience.csproj" />
    <Project Path="src/Shared/UMS.Shared.Authorization/UMS.Shared.Authorization.csproj" />
    <Project Path="src/Shared/UMS.Shared.Domain/UMS.Shared.Domain.csproj" />
    <Project Path="src/Shared/UMS.Shared.Outbox/UMS.Shared.Outbox.csproj" />
    <Project Path="src/Shared/UMS.Shared.Audit/UMS.Shared.Audit.csproj" />
    <Project Path="src/Shared/UMS.Shared.Organization/UMS.Shared.Organization.csproj" />
    <Project Path="src/Shared/UMS.Shared.Identity/UMS.Shared.Identity.csproj" />
    <Project Path="src/Shared/UMS.Shared.Notifications/UMS.Shared.Notifications.csproj" />
    <Project Path="src/Shared/UMS.Shared.Faculty/UMS.Shared.Faculty.csproj" />
    <Project Path="src/Shared/UMS.Shared.Documents/UMS.Shared.Documents.csproj" />
    <Project Path="src/Shared/UMS.Shared.Student/UMS.Shared.Student.csproj" />
    <Project Path="src/Shared/UMS.Shared.Academic/UMS.Shared.Academic.csproj" />
  </Folder>
  <Folder Name="/src/Workers/">
    <Project Path="src/Workers/UMS.Workers/UMS.Workers.csproj" />
  </Folder>
  <Folder Name="/src/UMS.Modules/Identity/">
    <Project Path="src/UMS.Modules/Identity/UMS.Modules.Identity.Domain/UMS.Modules.Identity.Domain.csproj" />
    <Project Path="src/UMS.Modules/Identity/UMS.Modules.Identity.Application/UMS.Modules.Identity.Application.csproj" />
    <Project Path="src/UMS.Modules/Identity/UMS.Modules.Identity.Infrastructure/UMS.Modules.Identity.Infrastructure.csproj" />
    <Project Path="src/UMS.Modules/Identity/UMS.Modules.Identity.Api/UMS.Modules.Identity.Api.csproj" />
  </Folder>
  <Folder Name="/src/UMS.Modules/Audit/">
    <Project Path="src/UMS.Modules/Audit/UMS.Modules.Audit.Domain/UMS.Modules.Audit.Domain.csproj" />
    <Project Path="src/UMS.Modules/Audit/UMS.Modules.Audit.Application/UMS.Modules.Audit.Application.csproj" />
    <Project Path="src/UMS.Modules/Audit/UMS.Modules.Audit.Infrastructure/UMS.Modules.Audit.Infrastructure.csproj" />
    <Project Path="src/UMS.Modules/Audit/UMS.Modules.Audit.Api/UMS.Modules.Audit.Api.csproj" />
  </Folder>
  <Folder Name="/src/UMS.Modules/Organization/">
    <Project Path="src/UMS.Modules/Organization/UMS.Modules.Organization.Domain/UMS.Modules.Organization.Domain.csproj" />
    <Project Path="src/UMS.Modules/Organization/UMS.Modules.Organization.Application/UMS.Modules.Organization.Application.csproj" />
    <Project Path="src/UMS.Modules/Organization/UMS.Modules.Organization.Infrastructure/UMS.Modules.Organization.Infrastructure.csproj" />
    <Project Path="src/UMS.Modules/Organization/UMS.Modules.Organization.Api/UMS.Modules.Organization.Api.csproj" />
  </Folder>
  <Folder Name="/src/UMS.Modules/Documents/">
    <Project Path="src/UMS.Modules/Documents/UMS.Modules.Documents.Domain/UMS.Modules.Documents.Domain.csproj" />
    <Project Path="src/UMS.Modules/Documents/UMS.Modules.Documents.Application/UMS.Modules.Documents.Application.csproj" />
    <Project Path="src/UMS.Modules/Documents/UMS.Modules.Documents.Infrastructure/UMS.Modules.Documents.Infrastructure.csproj" />
    <Project Path="src/UMS.Modules/Documents/UMS.Modules.Documents.Api/UMS.Modules.Documents.Api.csproj" />
  </Folder>
  <Folder Name="/src/UMS.Modules/Notifications/">
    <Project Path="src/UMS.Modules/Notifications/UMS.Modules.Notifications.Domain/UMS.Modules.Notifications.Domain.csproj" />
    <Project Path="src/UMS.Modules/Notifications/UMS.Modules.Notifications.Application/UMS.Modules.Notifications.Application.csproj" />
    <Project Path="src/UMS.Modules/Notifications/UMS.Modules.Notifications.Infrastructure/UMS.Modules.Notifications.Infrastructure.csproj" />
    <Project Path="src/UMS.Modules/Notifications/UMS.Modules.Notifications.Api/UMS.Modules.Notifications.Api.csproj" />
  </Folder>
  <Folder Name="/src/UMS.Modules/Faculty/">
    <Project Path="src/UMS.Modules/Faculty/UMS.Modules.Faculty.Domain/UMS.Modules.Faculty.Domain.csproj" />
    <Project Path="src/UMS.Modules/Faculty/UMS.Modules.Faculty.Application/UMS.Modules.Faculty.Application.csproj" />
    <Project Path="src/UMS.Modules/Faculty/UMS.Modules.Faculty.Infrastructure/UMS.Modules.Faculty.Infrastructure.csproj" />
    <Project Path="src/UMS.Modules/Faculty/UMS.Modules.Faculty.Api/UMS.Modules.Faculty.Api.csproj" />
  </Folder>
  <Folder Name="/src/UMS.Modules/Student/">
    <Project Path="src/UMS.Modules/Student/UMS.Modules.Student.Domain/UMS.Modules.Student.Domain.csproj" />
    <Project Path="src/UMS.Modules/Student/UMS.Modules.Student.Application/UMS.Modules.Student.Application.csproj" />
    <Project Path="src/UMS.Modules/Student/UMS.Modules.Student.Infrastructure/UMS.Modules.Student.Infrastructure.csproj" />
    <Project Path="src/UMS.Modules/Student/UMS.Modules.Student.Api/UMS.Modules.Student.Api.csproj" />
  </Folder>
  <Folder Name="/src/UMS.Modules/Academic/">
    <Project Path="src/UMS.Modules/Academic/UMS.Modules.Academic.Domain/UMS.Modules.Academic.Domain.csproj" />
    <Project Path="src/UMS.Modules/Academic/UMS.Modules.Academic.Application/UMS.Modules.Academic.Application.csproj" />
    <Project Path="src/UMS.Modules/Academic/UMS.Modules.Academic.Infrastructure/UMS.Modules.Academic.Infrastructure.csproj" />
    <Project Path="src/UMS.Modules/Academic/UMS.Modules.Academic.Api/UMS.Modules.Academic.Api.csproj" />
  </Folder>
  <Folder Name="/src/UMS.Modules/Learning/">
    <Project Path="src/UMS.Modules/Learning/UMS.Modules.Learning.Domain/UMS.Modules.Learning.Domain.csproj" />
    <Project Path="src/UMS.Modules/Learning/UMS.Modules.Learning.Application/UMS.Modules.Learning.Application.csproj" />
    <Project Path="src/UMS.Modules/Learning/UMS.Modules.Learning.Infrastructure/UMS.Modules.Learning.Infrastructure.csproj" />
    <Project Path="src/UMS.Modules/Learning/UMS.Modules.Learning.Api/UMS.Modules.Learning.Api.csproj" />
  </Folder>
  <Folder Name="/tests/">
    <Project Path="tests/UMS.Shared.Tests/UMS.Shared.Tests.csproj" />
    <Project Path="tests/UMS.Modules.Identity.UnitTests/UMS.Modules.Identity.UnitTests.csproj" />
    <Project Path="tests/UMS.Modules.Identity.IntegrationTests/UMS.Modules.Identity.IntegrationTests.csproj" />
    <Project Path="tests/UMS.Modules.Audit.UnitTests/UMS.Modules.Audit.UnitTests.csproj" />
    <Project Path="tests/UMS.Modules.Audit.IntegrationTests/UMS.Modules.Audit.IntegrationTests.csproj" />
    <Project Path="tests/UMS.Modules.Organization.UnitTests/UMS.Modules.Organization.UnitTests.csproj" />
    <Project Path="tests/UMS.Modules.Organization.IntegrationTests/UMS.Modules.Organization.IntegrationTests.csproj" />
    <Project Path="tests/UMS.Modules.Documents.UnitTests/UMS.Modules.Documents.UnitTests.csproj" />
    <Project Path="tests/UMS.Modules.Documents.IntegrationTests/UMS.Modules.Documents.IntegrationTests.csproj" />
    <Project Path="tests/UMS.Modules.Notifications.UnitTests/UMS.Modules.Notifications.UnitTests.csproj" />
    <Project Path="tests/UMS.Modules.Notifications.IntegrationTests/UMS.Modules.Notifications.IntegrationTests.csproj" />
    <Project Path="tests/UMS.Modules.Faculty.UnitTests/UMS.Modules.Faculty.UnitTests.csproj" />
    <Project Path="tests/UMS.Modules.Faculty.IntegrationTests/UMS.Modules.Faculty.IntegrationTests.csproj" />
    <Project Path="tests/UMS.Modules.Student.UnitTests/UMS.Modules.Student.UnitTests.csproj" />
    <Project Path="tests/UMS.Modules.Student.IntegrationTests/UMS.Modules.Student.IntegrationTests.csproj" />
    <Project Path="tests/UMS.Modules.Academic.UnitTests/UMS.Modules.Academic.UnitTests.csproj" />
    <Project Path="tests/UMS.Modules.Academic.IntegrationTests/UMS.Modules.Academic.IntegrationTests.csproj" />
    <Project Path="tests/UMS.Modules.Learning.UnitTests/UMS.Modules.Learning.UnitTests.csproj" />
    <Project Path="tests/UMS.Modules.Learning.IntegrationTests/UMS.Modules.Learning.IntegrationTests.csproj" />
  </Folder>
  <Folder Name="/tests/ArchitectureTests/">
    <Project Path="tests/ArchitectureTests/UMS.ArchitectureTests.csproj" />
  </Folder>
</Solution>
