<Solution>
  <Folder Name="/src/" />
  <Folder Name="/src/Host/">
    <Project Path="src/Host/UMS.Host.csproj" />
  </Folder>
  <Folder Name="/src/Shared/">
    <Project Path="src/Shared/UMS.Shared.ErrorHandling/UMS.Shared.ErrorHandling.csproj" />
    <Project Path="src/Shared/UMS.Shared.Observability/UMS.Shared.Observability.csproj" />
    <Project Path="src/Shared/UMS.Shared.Resilience/UMS.Shared.Resilience.csproj" />
    <Project Path="src/Shared/UMS.Shared.Authorization/UMS.Shared.Authorization.csproj" />
    <Project Path="src/Shared/UMS.Shared.Domain/UMS.Shared.Domain.csproj" />
    <Project Path="src/Shared/UMS.Shared.Outbox/UMS.Shared.Outbox.csproj" />
    <Project Path="src/Shared/UMS.Shared.Audit/UMS.Shared.Audit.csproj" />
    <Project Path="src/Shared/UMS.Shared.Organization/UMS.Shared.Organization.csproj" />
    <Project Path="src/Shared/UMS.Shared.Identity/UMS.Shared.Identity.csproj" />
    <Project Path="src/Shared/UMS.Shared.Notifications/UMS.Shared.Notifications.csproj" />
    <Project Path="src/Shared/UMS.Shared.Faculty/UMS.Shared.Faculty.csproj" />
    <Project Path="src/Shared/UMS.Shared.Documents/UMS.Shared.Documents.csproj" />
    <Project Path="src/Shared/UMS.Shared.Student/UMS.Shared.Student.csproj" />
    <Project Path="src/Shared/UMS.Shared.Academic/UMS.Shared.Academic.csproj" />
    <Project Path="src/Shared/UMS.Shared.Finance/UMS.Shared.Finance.csproj" />
    <Project Path="src/Shared/UMS.Shared.Integrations/UMS.Shared.Integrations.csproj" />
    <Project Path="src/Shared/UMS.Shared.Admission/UMS.Shared.Admission.csproj" />
    <Project Path="src/Shared/UMS.Shared.Hostel/UMS.Shared.Hostel.csproj" />
    <Project Path="src/Shared/UMS.Shared.Library/UMS.Shared.Library.csproj" />
    <Project Path="src/Shared/UMS.Shared.Content/UMS.Shared.Content.csproj" />
    <Project Path="src/Shared/UMS.Shared.Research/UMS.Shared.Research.csproj" />
  </Folder>
  <Folder Name="/src/Workers/">
    <Project Path="src/Workers/UMS.Workers/UMS.Workers.csproj" />
  </Folder>
  <Folder Name="/src/UMS.Modules/Identity/">
    <Project Path="src/UMS.Modules/Identity/UMS.Modules.Identity.Domain/UMS.Modules.Identity.Domain.csproj" />
    <Project Path="src/UMS.Modules/Identity/UMS.Modules.Identity.Application/UMS.Modules.Identity.Application.csproj" />
    <Project Path="src/UMS.Modules/Identity/UMS.Modules.Identity.Infrastructure/UMS.Modules.Identity.Infrastructure.csproj" />
    <Project Path="src/UMS.Modules/Identity/UMS.Modules.Identity.Api/UMS.Modules.Identity.Api.csproj" />
  </Folder>
  <Folder Name="/src/UMS.Modules/Audit/">
    <Project Path="src/UMS.Modules/Audit/UMS.Modules.Audit.Domain/UMS.Modules.Audit.Domain.csproj" />
    <Project Path="src/UMS.Modules/Audit/UMS.Modules.Audit.Application/UMS.Modules.Audit.Application.csproj" />
    <Project Path="src/UMS.Modules/Audit/UMS.Modules.Audit.Infrastructure/UMS.Modules.Audit.Infrastructure.csproj" />
    <Project Path="src/UMS.Modules/Audit/UMS.Modules.Audit.Api/UMS.Modules.Audit.Api.csproj" />
  </Folder>
  <Folder Name="/src/UMS.Modules/Organization/">
    <Project Path="src/UMS.Modules/Organization/UMS.Modules.Organization.Domain/UMS.Modules.Organization.Domain.csproj" />
    <Project Path="src/UMS.Modules/Organization/UMS.Modules.Organization.Application/UMS.Modules.Organization.Application.csproj" />
    <Project Path="src/UMS.Modules/Organization/UMS.Modules.Organization.Infrastructure/UMS.Modules.Organization.Infrastructure.csproj" />
    <Project Path="src/UMS.Modules/Organization/UMS.Modules.Organization.Api/UMS.Modules.Organization.Api.csproj" />
  </Folder>
  <Folder Name="/src/UMS.Modules/Documents/">
    <Project Path="src/UMS.Modules/Documents/UMS.Modules.Documents.Domain/UMS.Modules.Documents.Domain.csproj" />
    <Project Path="src/UMS.Modules/Documents/UMS.Modules.Documents.Application/UMS.Modules.Documents.Application.csproj" />
    <Project Path="src/UMS.Modules/Documents/UMS.Modules.Documents.Infrastructure/UMS.Modules.Documents.Infrastructure.csproj" />
    <Project Path="src/UMS.Modules/Documents/UMS.Modules.Documents.Api/UMS.Modules.Documents.Api.csproj" />
  </Folder>
  <Folder Name="/src/UMS.Modules/Notifications/">
    <Project Path="src/UMS.Modules/Notifications/UMS.Modules.Notifications.Domain/UMS.Modules.Notifications.Domain.csproj" />
    <Project Path="src/UMS.Modules/Notifications/UMS.Modules.Notifications.Application/UMS.Modules.Notifications.Application.csproj" />
    <Project Path="src/UMS.Modules/Notifications/UMS.Modules.Notifications.Infrastructure/UMS.Modules.Notifications.Infrastructure.csproj" />
    <Project Path="src/UMS.Modules/Notifications/UMS.Modules.Notifications.Api/UMS.Modules.Notifications.Api.csproj" />
  </Folder>
  <Folder Name="/src/UMS.Modules/Faculty/">
    <Project Path="src/UMS.Modules/Faculty/UMS.Modules.Faculty.Domain/UMS.Modules.Faculty.Domain.csproj" />
    <Project Path="src/UMS.Modules/Faculty/UMS.Modules.Faculty.Application/UMS.Modules.Faculty.Application.csproj" />
    <Project Path="src/UMS.Modules/Faculty/UMS.Modules.Faculty.Infrastructure/UMS.Modules.Faculty.Infrastructure.csproj" />
    <Project Path="src/UMS.Modules/Faculty/UMS.Modules.Faculty.Api/UMS.Modules.Faculty.Api.csproj" />
  </Folder>
  <Folder Name="/src/UMS.Modules/Student/">
    <Project Path="src/UMS.Modules/Student/UMS.Modules.Student.Domain/UMS.Modules.Student.Domain.csproj" />
    <Project Path="src/UMS.Modules/Student/UMS.Modules.Student.Application/UMS.Modules.Student.Application.csproj" />
    <Project Path="src/UMS.Modules/Student/UMS.Modules.Student.Infrastructure/UMS.Modules.Student.Infrastructure.csproj" />
    <Project Path="src/UMS.Modules/Student/UMS.Modules.Student.Api/UMS.Modules.Student.Api.csproj" />
  </Folder>
  <Folder Name="/src/UMS.Modules/Academic/">
    <Project Path="src/UMS.Modules/Academic/UMS.Modules.Academic.Domain/UMS.Modules.Academic.Domain.csproj" />
    <Project Path="src/UMS.Modules/Academic/UMS.Modules.Academic.Application/UMS.Modules.Academic.Application.csproj" />
    <Project Path="src/UMS.Modules/Academic/UMS.Modules.Academic.Infrastructure/UMS.Modules.Academic.Infrastructure.csproj" />
    <Project Path="src/UMS.Modules/Academic/UMS.Modules.Academic.Api/UMS.Modules.Academic.Api.csproj" />
  </Folder>
  <Folder Name="/src/UMS.Modules/Learning/">
    <Project Path="src/UMS.Modules/Learning/UMS.Modules.Learning.Domain/UMS.Modules.Learning.Domain.csproj" />
    <Project Path="src/UMS.Modules/Learning/UMS.Modules.Learning.Application/UMS.Modules.Learning.Application.csproj" />
    <Project Path="src/UMS.Modules/Learning/UMS.Modules.Learning.Infrastructure/UMS.Modules.Learning.Infrastructure.csproj" />
    <Project Path="src/UMS.Modules/Learning/UMS.Modules.Learning.Api/UMS.Modules.Learning.Api.csproj" />
  </Folder>
  <Folder Name="/src/UMS.Modules/Finance/">
    <Project Path="src/UMS.Modules/Finance/UMS.Modules.Finance.Domain/UMS.Modules.Finance.Domain.csproj" />
    <Project Path="src/UMS.Modules/Finance/UMS.Modules.Finance.Application/UMS.Modules.Finance.Application.csproj" />
    <Project Path="src/UMS.Modules/Finance/UMS.Modules.Finance.Infrastructure/UMS.Modules.Finance.Infrastructure.csproj" />
    <Project Path="src/UMS.Modules/Finance/UMS.Modules.Finance.Api/UMS.Modules.Finance.Api.csproj" />
  </Folder>
  <Folder Name="/src/UMS.Modules/Admission/">
    <Project Path="src/UMS.Modules/Admission/UMS.Modules.Admission.Domain/UMS.Modules.Admission.Domain.csproj" />
    <Project Path="src/UMS.Modules/Admission/UMS.Modules.Admission.Application/UMS.Modules.Admission.Application.csproj" />
    <Project Path="src/UMS.Modules/Admission/UMS.Modules.Admission.Infrastructure/UMS.Modules.Admission.Infrastructure.csproj" />
    <Project Path="src/UMS.Modules/Admission/UMS.Modules.Admission.Api/UMS.Modules.Admission.Api.csproj" />
  </Folder>
  <Folder Name="/src/UMS.Modules/Hostel/">
    <Project Path="src/UMS.Modules/Hostel/UMS.Modules.Hostel.Domain/UMS.Modules.Hostel.Domain.csproj" />
    <Project Path="src/UMS.Modules/Hostel/UMS.Modules.Hostel.Application/UMS.Modules.Hostel.Application.csproj" />
    <Project Path="src/UMS.Modules/Hostel/UMS.Modules.Hostel.Infrastructure/UMS.Modules.Hostel.Infrastructure.csproj" />
    <Project Path="src/UMS.Modules/Hostel/UMS.Modules.Hostel.Api/UMS.Modules.Hostel.Api.csproj" />
  </Folder>
  <Folder Name="/src/UMS.Modules/Library/">
    <Project Path="src/UMS.Modules/Library/UMS.Modules.Library.Domain/UMS.Modules.Library.Domain.csproj" />
    <Project Path="src/UMS.Modules/Library/UMS.Modules.Library.Application/UMS.Modules.Library.Application.csproj" />
    <Project Path="src/UMS.Modules/Library/UMS.Modules.Library.Infrastructure/UMS.Modules.Library.Infrastructure.csproj" />
    <Project Path="src/UMS.Modules/Library/UMS.Modules.Library.Api/UMS.Modules.Library.Api.csproj" />
  </Folder>
  <Folder Name="/src/UMS.Modules/Reporting/">
    <Project Path="src/UMS.Modules/Reporting/UMS.Modules.Reporting.Domain/UMS.Modules.Reporting.Domain.csproj" />
    <Project Path="src/UMS.Modules/Reporting/UMS.Modules.Reporting.Application/UMS.Modules.Reporting.Application.csproj" />
    <Project Path="src/UMS.Modules/Reporting/UMS.Modules.Reporting.Infrastructure/UMS.Modules.Reporting.Infrastructure.csproj" />
    <Project Path="src/UMS.Modules/Reporting/UMS.Modules.Reporting.Api/UMS.Modules.Reporting.Api.csproj" />
  </Folder>
  <Folder Name="/src/UMS.Modules/Content/">
    <Project Path="src/UMS.Modules/Content/UMS.Modules.Content.Domain/UMS.Modules.Content.Domain.csproj" />
    <Project Path="src/UMS.Modules/Content/UMS.Modules.Content.Application/UMS.Modules.Content.Application.csproj" />
    <Project Path="src/UMS.Modules/Content/UMS.Modules.Content.Infrastructure/UMS.Modules.Content.Infrastructure.csproj" />
    <Project Path="src/UMS.Modules/Content/UMS.Modules.Content.Api/UMS.Modules.Content.Api.csproj" />
  </Folder>
  <Folder Name="/src/UMS.Modules/Research/">
    <Project Path="src/UMS.Modules/Research/UMS.Modules.Research.Domain/UMS.Modules.Research.Domain.csproj" />
    <Project Path="src/UMS.Modules/Research/UMS.Modules.Research.Application/UMS.Modules.Research.Application.csproj" />
    <Project Path="src/UMS.Modules/Research/UMS.Modules.Research.Infrastructure/UMS.Modules.Research.Infrastructure.csproj" />
    <Project Path="src/UMS.Modules/Research/UMS.Modules.Research.Api/UMS.Modules.Research.Api.csproj" />
  </Folder>
  <Folder Name="/src/UMS.Modules/Alumni/">
    <Project Path="src/UMS.Modules/Alumni/UMS.Modules.Alumni.Domain/UMS.Modules.Alumni.Domain.csproj" />
    <Project Path="src/UMS.Modules/Alumni/UMS.Modules.Alumni.Application/UMS.Modules.Alumni.Application.csproj" />
    <Project Path="src/UMS.Modules/Alumni/UMS.Modules.Alumni.Infrastructure/UMS.Modules.Alumni.Infrastructure.csproj" />
    <Project Path="src/UMS.Modules/Alumni/UMS.Modules.Alumni.Api/UMS.Modules.Alumni.Api.csproj" />
  </Folder>
  <Folder Name="/src/UMS.Modules/Career/">
    <Project Path="src/UMS.Modules/Career/UMS.Modules.Career.Domain/UMS.Modules.Career.Domain.csproj" />
    <Project Path="src/UMS.Modules/Career/UMS.Modules.Career.Application/UMS.Modules.Career.Application.csproj" />
    <Project Path="src/UMS.Modules/Career/UMS.Modules.Career.Infrastructure/UMS.Modules.Career.Infrastructure.csproj" />
    <Project Path="src/UMS.Modules/Career/UMS.Modules.Career.Api/UMS.Modules.Career.Api.csproj" />
  </Folder>
  <Folder Name="/tests/">
    <Project Path="tests/UMS.Shared.Tests/UMS.Shared.Tests.csproj" />
    <Project Path="tests/UMS.Modules.Identity.UnitTests/UMS.Modules.Identity.UnitTests.csproj" />
    <Project Path="tests/UMS.Modules.Identity.IntegrationTests/UMS.Modules.Identity.IntegrationTests.csproj" />
    <Project Path="tests/UMS.Modules.Audit.UnitTests/UMS.Modules.Audit.UnitTests.csproj" />
    <Project Path="tests/UMS.Modules.Audit.IntegrationTests/UMS.Modules.Audit.IntegrationTests.csproj" />
    <Project Path="tests/UMS.Modules.Organization.UnitTests/UMS.Modules.Organization.UnitTests.csproj" />
    <Project Path="tests/UMS.Modules.Organization.IntegrationTests/UMS.Modules.Organization.IntegrationTests.csproj" />
    <Project Path="tests/UMS.Modules.Documents.UnitTests/UMS.Modules.Documents.UnitTests.csproj" />
    <Project Path="tests/UMS.Modules.Documents.IntegrationTests/UMS.Modules.Documents.IntegrationTests.csproj" />
    <Project Path="tests/UMS.Modules.Notifications.UnitTests/UMS.Modules.Notifications.UnitTests.csproj" />
    <Project Path="tests/UMS.Modules.Notifications.IntegrationTests/UMS.Modules.Notifications.IntegrationTests.csproj" />
    <Project Path="tests/UMS.Modules.Faculty.UnitTests/UMS.Modules.Faculty.UnitTests.csproj" />
    <Project Path="tests/UMS.Modules.Faculty.IntegrationTests/UMS.Modules.Faculty.IntegrationTests.csproj" />
    <Project Path="tests/UMS.Modules.Student.UnitTests/UMS.Modules.Student.UnitTests.csproj" />
    <Project Path="tests/UMS.Modules.Student.IntegrationTests/UMS.Modules.Student.IntegrationTests.csproj" />
    <Project Path="tests/UMS.Modules.Academic.UnitTests/UMS.Modules.Academic.UnitTests.csproj" />
    <Project Path="tests/UMS.Modules.Academic.IntegrationTests/UMS.Modules.Academic.IntegrationTests.csproj" />
    <Project Path="tests/UMS.Modules.Learning.UnitTests/UMS.Modules.Learning.UnitTests.csproj" />
    <Project Path="tests/UMS.Modules.Learning.IntegrationTests/UMS.Modules.Learning.IntegrationTests.csproj" />
    <Project Path="tests/UMS.Modules.Finance.UnitTests/UMS.Modules.Finance.UnitTests.csproj" />
    <Project Path="tests/UMS.Modules.Finance.IntegrationTests/UMS.Modules.Finance.IntegrationTests.csproj" />
    <Project Path="tests/UMS.Modules.Admission.UnitTests/UMS.Modules.Admission.UnitTests.csproj" />
    <Project Path="tests/UMS.Modules.Admission.IntegrationTests/UMS.Modules.Admission.IntegrationTests.csproj" />
    <Project Path="tests/UMS.Modules.Hostel.UnitTests/UMS.Modules.Hostel.UnitTests.csproj" />
    <Project Path="tests/UMS.Modules.Hostel.IntegrationTests/UMS.Modules.Hostel.IntegrationTests.csproj" />
    <Project Path="tests/UMS.Modules.Library.UnitTests/UMS.Modules.Library.UnitTests.csproj" />
    <Project Path="tests/UMS.Modules.Library.IntegrationTests/UMS.Modules.Library.IntegrationTests.csproj" />
    <Project Path="tests/UMS.Modules.Reporting.UnitTests/UMS.Modules.Reporting.UnitTests.csproj" />
    <Project Path="tests/UMS.Modules.Reporting.IntegrationTests/UMS.Modules.Reporting.IntegrationTests.csproj" />
    <Project Path="tests/UMS.Modules.Content.UnitTests/UMS.Modules.Content.UnitTests.csproj" />
    <Project Path="tests/UMS.Modules.Content.IntegrationTests/UMS.Modules.Content.IntegrationTests.csproj" />
    <Project Path="tests/UMS.Modules.Research.UnitTests/UMS.Modules.Research.UnitTests.csproj" />
    <Project Path="tests/UMS.Modules.Research.IntegrationTests/UMS.Modules.Research.IntegrationTests.csproj" />
    <Project Path="tests/UMS.Modules.Alumni.UnitTests/UMS.Modules.Alumni.UnitTests.csproj" />
    <Project Path="tests/UMS.Modules.Alumni.IntegrationTests/UMS.Modules.Alumni.IntegrationTests.csproj" />
    <Project Path="tests/UMS.Modules.Career.UnitTests/UMS.Modules.Career.UnitTests.csproj" />
    <Project Path="tests/UMS.Modules.Career.IntegrationTests/UMS.Modules.Career.IntegrationTests.csproj" />
  </Folder>
  <Folder Name="/tests/ArchitectureTests/">
    <Project Path="tests/ArchitectureTests/UMS.ArchitectureTests.csproj" />
  </Folder>
</Solution>
